
Microsoft Visual Studio Solution File, Format Version 12.00
# Visual Studio 15
VisualStudioVersion = 15.0.27428.2037
MinimumVisualStudioVersion = 10.0.40219.1
Project("{FAE04EC0-301F-11D3-BF4B-00C04F79EFBC}") = "WebShop", "WebShop\WebShop.csproj", "{D44EC3E4-08C1-4202-8D5B-7B7091FAD16E}"
EndProject
Global
	GlobalSection(SolutionConfigurationPlatforms) = preSolution
		Debug|Any CPU = Debug|Any CPU
		Release|Any CPU = Release|Any CPU
	EndGlobalSection
	GlobalSection(ProjectConfigurationPlatforms) = postSolution
		{D44EC3E4-08C1-4202-8D5B-7B7091FAD16E}.Debug|Any CPU.ActiveCfg = Debug|Any CPU
		{D44EC3E4-08C1-4202-8D5B-7B7091FAD16E}.Debug|Any CPU.Build.0 = Debug|Any CPU
		{D44EC3E4-08C1-4202-8D5B-7B7091FAD16E}.Release|Any CPU.ActiveCfg = Release|Any CPU
		{D44EC3E4-08C1-4202-8D5B-7B7091FAD16E}.Release|Any CPU.Build.0 = Release|Any CPU
	EndGlobalSection
	GlobalSection(SolutionProperties) = preSolution
		HideSolutionNode = FALSE
	EndGlobalSection
	GlobalSection(ExtensibilityGlobals) = postSolution
		SolutionGuid = {DFE11D94-D15C-4369-AEFD-2CBFA6C54BCB}
	EndGlobalSection
EndGlobal
